
Microsoft Visual Studio Solution File, Format Version 12.00
Project("{FAE04EC0-301F-11D3-BF4B-00C04F79EFBC}") = "architecture_midterm_2", "architecture_midterm_2\architecture_midterm_2.csproj", "{963F8AB5-E480-44BF-B085-8E4E8C298E07}"
EndProject
Project("{FAE04EC0-301F-11D3-BF4B-00C04F79EFBC}") = "Model", "Model\Model.csproj", "{39AD11E8-E579-40C6-88EE-271356741C01}"
EndProject
Global
	GlobalSection(SolutionConfigurationPlatforms) = preSolution
		Debug|Any CPU = Debug|Any CPU
		Release|Any CPU = Release|Any CPU
	EndGlobalSection
	GlobalSection(ProjectConfigurationPlatforms) = postSolution
		{963F8AB5-E480-44BF-B085-8E4E8C298E07}.Debug|Any CPU.ActiveCfg = Debug|Any CPU
		{963F8AB5-E480-44BF-B085-8E4E8C298E07}.Debug|Any CPU.Build.0 = Debug|Any CPU
		{963F8AB5-E480-44BF-B085-8E4E8C298E07}.Release|Any CPU.ActiveCfg = Release|Any CPU
		{963F8AB5-E480-44BF-B085-8E4E8C298E07}.Release|Any CPU.Build.0 = Release|Any CPU
		{39AD11E8-E579-40C6-88EE-271356741C01}.Debug|Any CPU.ActiveCfg = Debug|Any CPU
		{39AD11E8-E579-40C6-88EE-271356741C01}.Debug|Any CPU.Build.0 = Debug|Any CPU
		{39AD11E8-E579-40C6-88EE-271356741C01}.Release|Any CPU.ActiveCfg = Release|Any CPU
		{39AD11E8-E579-40C6-88EE-271356741C01}.Release|Any CPU.Build.0 = Release|Any CPU
	EndGlobalSection
EndGlobal
